
Microsoft Visual Studio Solution File, Format Version 12.00
# Visual Studio Version 16
VisualStudioVersion = 16.0.29424.173
MinimumVisualStudioVersion = 10.0.40219.1
Project("{FAE04EC0-301F-11D3-BF4B-00C04F79EFBC}") = "CameraOpenCV", "CameraOpenCV\CameraOpenCV.csproj", "{BC9DDB2B-6C34-4903-9F0E-CC87CFE0DAE4}"
EndProject
Project("{9A19103F-16F7-4668-BE54-9A1E7A4F7556}") = "OpenCvSharp", "OpenCvSharp\OpenCvSharp.csproj", "{EA866A58-D096-4626-BD22-6B462641F7D3}"
EndProject
Project("{8BC9CEB8-8B4A-11D0-8D11-00A0C91BC942}") = "uwpOpenCvSharpExtern", "uwpOpenCvSharpExtern\OpenCvSharpExtern.vcxproj", "{BD5471E5-7B55-5192-8DA4-042B66AF71AE}"
EndProject
Project("{2150E333-8FDC-42A3-9474-1A3956D46DE8}") = "Notes", "Notes", "{C48622C1-3DD1-49AC-9BE0-9EF16C3C2E1C}"
	ProjectSection(SolutionItems) = preProject
		README.md = README.md
	EndProjectSection
EndProject
Project("{9A19103F-16F7-4668-BE54-9A1E7A4F7556}") = "OpenCvSharp.Blob", "OpenCvSharp.Blob\OpenCvSharp.Blob.csproj", "{F43B9E94-A0D5-488E-B0E1-53958E5148BF}"
EndProject
Project("{9A19103F-16F7-4668-BE54-9A1E7A4F7556}") = "OpenCvSharp.Extensions", "OpenCvSharp.Extensions\OpenCvSharp.Extensions.csproj", "{DE1A8C62-566F-4D1A-8E5A-81E0ABEB12E0}"
EndProject
Global
	GlobalSection(SolutionConfigurationPlatforms) = preSolution
		Debug|Any CPU = Debug|Any CPU
		Debug|ARM = Debug|ARM
		Debug|ARM64 = Debug|ARM64
		Debug|x64 = Debug|x64
		Debug|x86 = Debug|x86
		Release|Any CPU = Release|Any CPU
		Release|ARM = Release|ARM
		Release|ARM64 = Release|ARM64
		Release|x64 = Release|x64
		Release|x86 = Release|x86
		Release-JP|Any CPU = Release-JP|Any CPU
		Release-JP|ARM = Release-JP|ARM
		Release-JP|ARM64 = Release-JP|ARM64
		Release-JP|x64 = Release-JP|x64
		Release-JP|x86 = Release-JP|x86
	EndGlobalSection
	GlobalSection(ProjectConfigurationPlatforms) = postSolution
		{BC9DDB2B-6C34-4903-9F0E-CC87CFE0DAE4}.Debug|Any CPU.ActiveCfg = Debug|x86
		{BC9DDB2B-6C34-4903-9F0E-CC87CFE0DAE4}.Debug|ARM.ActiveCfg = Debug|ARM
		{BC9DDB2B-6C34-4903-9F0E-CC87CFE0DAE4}.Debug|ARM.Build.0 = Debug|ARM
		{BC9DDB2B-6C34-4903-9F0E-CC87CFE0DAE4}.Debug|ARM.Deploy.0 = Debug|ARM
		{BC9DDB2B-6C34-4903-9F0E-CC87CFE0DAE4}.Debug|ARM64.ActiveCfg = Debug|ARM64
		{BC9DDB2B-6C34-4903-9F0E-CC87CFE0DAE4}.Debug|ARM64.Build.0 = Debug|ARM64
		{BC9DDB2B-6C34-4903-9F0E-CC87CFE0DAE4}.Debug|ARM64.Deploy.0 = Debug|ARM64
		{BC9DDB2B-6C34-4903-9F0E-CC87CFE0DAE4}.Debug|x64.ActiveCfg = Debug|x64
		{BC9DDB2B-6C34-4903-9F0E-CC87CFE0DAE4}.Debug|x64.Build.0 = Debug|x64
		{BC9DDB2B-6C34-4903-9F0E-CC87CFE0DAE4}.Debug|x64.Deploy.0 = Debug|x64
		{BC9DDB2B-6C34-4903-9F0E-CC87CFE0DAE4}.Debug|x86.ActiveCfg = Debug|x86
		{BC9DDB2B-6C34-4903-9F0E-CC87CFE0DAE4}.Debug|x86.Build.0 = Debug|x86
		{BC9DDB2B-6C34-4903-9F0E-CC87CFE0DAE4}.Debug|x86.Deploy.0 = Debug|x86
		{BC9DDB2B-6C34-4903-9F0E-CC87CFE0DAE4}.Release|Any CPU.ActiveCfg = Release|x86
		{BC9DDB2B-6C34-4903-9F0E-CC87CFE0DAE4}.Release|ARM.ActiveCfg = Release|ARM
		{BC9DDB2B-6C34-4903-9F0E-CC87CFE0DAE4}.Release|ARM.Build.0 = Release|ARM
		{BC9DDB2B-6C34-4903-9F0E-CC87CFE0DAE4}.Release|ARM.Deploy.0 = Release|ARM
		{BC9DDB2B-6C34-4903-9F0E-CC87CFE0DAE4}.Release|ARM64.ActiveCfg = Release|ARM64
		{BC9DDB2B-6C34-4903-9F0E-CC87CFE0DAE4}.Release|ARM64.Build.0 = Release|ARM64
		{BC9DDB2B-6C34-4903-9F0E-CC87CFE0DAE4}.Release|ARM64.Deploy.0 = Release|ARM64
		{BC9DDB2B-6C34-4903-9F0E-CC87CFE0DAE4}.Release|x64.ActiveCfg = Release|x64
		{BC9DDB2B-6C34-4903-9F0E-CC87CFE0DAE4}.Release|x64.Build.0 = Release|x64
		{BC9DDB2B-6C34-4903-9F0E-CC87CFE0DAE4}.Release|x64.Deploy.0 = Release|x64
		{BC9DDB2B-6C34-4903-9F0E-CC87CFE0DAE4}.Release|x86.ActiveCfg = Release|x86
		{BC9DDB2B-6C34-4903-9F0E-CC87CFE0DAE4}.Release|x86.Build.0 = Release|x86
		{BC9DDB2B-6C34-4903-9F0E-CC87CFE0DAE4}.Release|x86.Deploy.0 = Release|x86
		{BC9DDB2B-6C34-4903-9F0E-CC87CFE0DAE4}.Release-JP|Any CPU.ActiveCfg = Release|x86
		{BC9DDB2B-6C34-4903-9F0E-CC87CFE0DAE4}.Release-JP|Any CPU.Build.0 = Release|x86
		{BC9DDB2B-6C34-4903-9F0E-CC87CFE0DAE4}.Release-JP|Any CPU.Deploy.0 = Release|x86
		{BC9DDB2B-6C34-4903-9F0E-CC87CFE0DAE4}.Release-JP|ARM.ActiveCfg = Release|ARM
		{BC9DDB2B-6C34-4903-9F0E-CC87CFE0DAE4}.Release-JP|ARM.Build.0 = Release|ARM
		{BC9DDB2B-6C34-4903-9F0E-CC87CFE0DAE4}.Release-JP|ARM.Deploy.0 = Release|ARM
		{BC9DDB2B-6C34-4903-9F0E-CC87CFE0DAE4}.Release-JP|ARM64.ActiveCfg = Release|ARM64
		{BC9DDB2B-6C34-4903-9F0E-CC87CFE0DAE4}.Release-JP|ARM64.Build.0 = Release|ARM64
		{BC9DDB2B-6C34-4903-9F0E-CC87CFE0DAE4}.Release-JP|ARM64.Deploy.0 = Release|ARM64
		{BC9DDB2B-6C34-4903-9F0E-CC87CFE0DAE4}.Release-JP|x64.ActiveCfg = Release|x64
		{BC9DDB2B-6C34-4903-9F0E-CC87CFE0DAE4}.Release-JP|x64.Build.0 = Release|x64
		{BC9DDB2B-6C34-4903-9F0E-CC87CFE0DAE4}.Release-JP|x64.Deploy.0 = Release|x64
		{BC9DDB2B-6C34-4903-9F0E-CC87CFE0DAE4}.Release-JP|x86.ActiveCfg = Release|x86
		{BC9DDB2B-6C34-4903-9F0E-CC87CFE0DAE4}.Release-JP|x86.Build.0 = Release|x86
		{BC9DDB2B-6C34-4903-9F0E-CC87CFE0DAE4}.Release-JP|x86.Deploy.0 = Release|x86
		{EA866A58-D096-4626-BD22-6B462641F7D3}.Debug|Any CPU.ActiveCfg = Debug|Any CPU
		{EA866A58-D096-4626-BD22-6B462641F7D3}.Debug|Any CPU.Build.0 = Debug|Any CPU
		{EA866A58-D096-4626-BD22-6B462641F7D3}.Debug|ARM.ActiveCfg = Debug|Any CPU
		{EA866A58-D096-4626-BD22-6B462641F7D3}.Debug|ARM.Build.0 = Debug|Any CPU
		{EA866A58-D096-4626-BD22-6B462641F7D3}.Debug|ARM64.ActiveCfg = Debug|Any CPU
		{EA866A58-D096-4626-BD22-6B462641F7D3}.Debug|ARM64.Build.0 = Debug|Any CPU
		{EA866A58-D096-4626-BD22-6B462641F7D3}.Debug|x64.ActiveCfg = Debug|Any CPU
		{EA866A58-D096-4626-BD22-6B462641F7D3}.Debug|x64.Build.0 = Debug|Any CPU
		{EA866A58-D096-4626-BD22-6B462641F7D3}.Debug|x86.ActiveCfg = Debug|Any CPU
		{EA866A58-D096-4626-BD22-6B462641F7D3}.Debug|x86.Build.0 = Debug|Any CPU
		{EA866A58-D096-4626-BD22-6B462641F7D3}.Release|Any CPU.ActiveCfg = Release|Any CPU
		{EA866A58-D096-4626-BD22-6B462641F7D3}.Release|Any CPU.Build.0 = Release|Any CPU
		{EA866A58-D096-4626-BD22-6B462641F7D3}.Release|ARM.ActiveCfg = Release|Any CPU
		{EA866A58-D096-4626-BD22-6B462641F7D3}.Release|ARM.Build.0 = Release|Any CPU
		{EA866A58-D096-4626-BD22-6B462641F7D3}.Release|ARM64.ActiveCfg = Release|Any CPU
		{EA866A58-D096-4626-BD22-6B462641F7D3}.Release|ARM64.Build.0 = Release|Any CPU
		{EA866A58-D096-4626-BD22-6B462641F7D3}.Release|x64.ActiveCfg = Release|Any CPU
		{EA866A58-D096-4626-BD22-6B462641F7D3}.Release|x64.Build.0 = Release|Any CPU
		{EA866A58-D096-4626-BD22-6B462641F7D3}.Release|x86.ActiveCfg = Release|Any CPU
		{EA866A58-D096-4626-BD22-6B462641F7D3}.Release|x86.Build.0 = Release|Any CPU
		{EA866A58-D096-4626-BD22-6B462641F7D3}.Release-JP|Any CPU.ActiveCfg = Release-JP|Any CPU
		{EA866A58-D096-4626-BD22-6B462641F7D3}.Release-JP|Any CPU.Build.0 = Release-JP|Any CPU
		{EA866A58-D096-4626-BD22-6B462641F7D3}.Release-JP|ARM.ActiveCfg = Release-JP|Any CPU
		{EA866A58-D096-4626-BD22-6B462641F7D3}.Release-JP|ARM.Build.0 = Release-JP|Any CPU
		{EA866A58-D096-4626-BD22-6B462641F7D3}.Release-JP|ARM64.ActiveCfg = Release-JP|Any CPU
		{EA866A58-D096-4626-BD22-6B462641F7D3}.Release-JP|ARM64.Build.0 = Release-JP|Any CPU
		{EA866A58-D096-4626-BD22-6B462641F7D3}.Release-JP|x64.ActiveCfg = Release-JP|Any CPU
		{EA866A58-D096-4626-BD22-6B462641F7D3}.Release-JP|x64.Build.0 = Release-JP|Any CPU
		{EA866A58-D096-4626-BD22-6B462641F7D3}.Release-JP|x86.ActiveCfg = Release-JP|Any CPU
		{EA866A58-D096-4626-BD22-6B462641F7D3}.Release-JP|x86.Build.0 = Release-JP|Any CPU
		{BD5471E5-7B55-5192-8DA4-042B66AF71AE}.Debug|Any CPU.ActiveCfg = Debug|Win32
		{BD5471E5-7B55-5192-8DA4-042B66AF71AE}.Debug|ARM.ActiveCfg = Debug|ARM
		{BD5471E5-7B55-5192-8DA4-042B66AF71AE}.Debug|ARM.Build.0 = Debug|ARM
		{BD5471E5-7B55-5192-8DA4-042B66AF71AE}.Debug|ARM64.ActiveCfg = Debug|Win32
		{BD5471E5-7B55-5192-8DA4-042B66AF71AE}.Debug|x64.ActiveCfg = Debug|x64
		{BD5471E5-7B55-5192-8DA4-042B66AF71AE}.Debug|x64.Build.0 = Debug|x64
		{BD5471E5-7B55-5192-8DA4-042B66AF71AE}.Debug|x86.ActiveCfg = Debug|Win32
		{BD5471E5-7B55-5192-8DA4-042B66AF71AE}.Debug|x86.Build.0 = Debug|Win32
		{BD5471E5-7B55-5192-8DA4-042B66AF71AE}.Release|Any CPU.ActiveCfg = Release|Win32
		{BD5471E5-7B55-5192-8DA4-042B66AF71AE}.Release|ARM.ActiveCfg = Release|ARM
		{BD5471E5-7B55-5192-8DA4-042B66AF71AE}.Release|ARM.Build.0 = Release|ARM
		{BD5471E5-7B55-5192-8DA4-042B66AF71AE}.Release|ARM64.ActiveCfg = Release|Win32
		{BD5471E5-7B55-5192-8DA4-042B66AF71AE}.Release|x64.ActiveCfg = Release|x64
		{BD5471E5-7B55-5192-8DA4-042B66AF71AE}.Release|x64.Build.0 = Release|x64
		{BD5471E5-7B55-5192-8DA4-042B66AF71AE}.Release|x86.ActiveCfg = Release|Win32
		{BD5471E5-7B55-5192-8DA4-042B66AF71AE}.Release|x86.Build.0 = Release|Win32
		{BD5471E5-7B55-5192-8DA4-042B66AF71AE}.Release-JP|Any CPU.ActiveCfg = Release|x64
		{BD5471E5-7B55-5192-8DA4-042B66AF71AE}.Release-JP|Any CPU.Build.0 = Release|x64
		{BD5471E5-7B55-5192-8DA4-042B66AF71AE}.Release-JP|ARM.ActiveCfg = Release|ARM
		{BD5471E5-7B55-5192-8DA4-042B66AF71AE}.Release-JP|ARM.Build.0 = Release|ARM
		{BD5471E5-7B55-5192-8DA4-042B66AF71AE}.Release-JP|ARM64.ActiveCfg = Release|x64
		{BD5471E5-7B55-5192-8DA4-042B66AF71AE}.Release-JP|ARM64.Build.0 = Release|x64
		{BD5471E5-7B55-5192-8DA4-042B66AF71AE}.Release-JP|x64.ActiveCfg = Release|x64
		{BD5471E5-7B55-5192-8DA4-042B66AF71AE}.Release-JP|x64.Build.0 = Release|x64
		{BD5471E5-7B55-5192-8DA4-042B66AF71AE}.Release-JP|x86.ActiveCfg = Release|Win32
		{BD5471E5-7B55-5192-8DA4-042B66AF71AE}.Release-JP|x86.Build.0 = Release|Win32
		{F43B9E94-A0D5-488E-B0E1-53958E5148BF}.Debug|Any CPU.ActiveCfg = Debug|Any CPU
		{F43B9E94-A0D5-488E-B0E1-53958E5148BF}.Debug|Any CPU.Build.0 = Debug|Any CPU
		{F43B9E94-A0D5-488E-B0E1-53958E5148BF}.Debug|ARM.ActiveCfg = Debug|Any CPU
		{F43B9E94-A0D5-488E-B0E1-53958E5148BF}.Debug|ARM.Build.0 = Debug|Any CPU
		{F43B9E94-A0D5-488E-B0E1-53958E5148BF}.Debug|ARM64.ActiveCfg = Debug|Any CPU
		{F43B9E94-A0D5-488E-B0E1-53958E5148BF}.Debug|ARM64.Build.0 = Debug|Any CPU
		{F43B9E94-A0D5-488E-B0E1-53958E5148BF}.Debug|x64.ActiveCfg = Debug|Any CPU
		{F43B9E94-A0D5-488E-B0E1-53958E5148BF}.Debug|x64.Build.0 = Debug|Any CPU
		{F43B9E94-A0D5-488E-B0E1-53958E5148BF}.Debug|x86.ActiveCfg = Debug|Any CPU
		{F43B9E94-A0D5-488E-B0E1-53958E5148BF}.Debug|x86.Build.0 = Debug|Any CPU
		{F43B9E94-A0D5-488E-B0E1-53958E5148BF}.Release|Any CPU.ActiveCfg = Release|Any CPU
		{F43B9E94-A0D5-488E-B0E1-53958E5148BF}.Release|Any CPU.Build.0 = Release|Any CPU
		{F43B9E94-A0D5-488E-B0E1-53958E5148BF}.Release|ARM.ActiveCfg = Release|Any CPU
		{F43B9E94-A0D5-488E-B0E1-53958E5148BF}.Release|ARM.Build.0 = Release|Any CPU
		{F43B9E94-A0D5-488E-B0E1-53958E5148BF}.Release|ARM64.ActiveCfg = Release|Any CPU
		{F43B9E94-A0D5-488E-B0E1-53958E5148BF}.Release|ARM64.Build.0 = Release|Any CPU
		{F43B9E94-A0D5-488E-B0E1-53958E5148BF}.Release|x64.ActiveCfg = Release|Any CPU
		{F43B9E94-A0D5-488E-B0E1-53958E5148BF}.Release|x64.Build.0 = Release|Any CPU
		{F43B9E94-A0D5-488E-B0E1-53958E5148BF}.Release|x86.ActiveCfg = Release|Any CPU
		{F43B9E94-A0D5-488E-B0E1-53958E5148BF}.Release|x86.Build.0 = Release|Any CPU
		{F43B9E94-A0D5-488E-B0E1-53958E5148BF}.Release-JP|Any CPU.ActiveCfg = Release|Any CPU
		{F43B9E94-A0D5-488E-B0E1-53958E5148BF}.Release-JP|Any CPU.Build.0 = Release|Any CPU
		{F43B9E94-A0D5-488E-B0E1-53958E5148BF}.Release-JP|ARM.ActiveCfg = Release|Any CPU
		{F43B9E94-A0D5-488E-B0E1-53958E5148BF}.Release-JP|ARM.Build.0 = Release|Any CPU
		{F43B9E94-A0D5-488E-B0E1-53958E5148BF}.Release-JP|ARM64.ActiveCfg = Release|Any CPU
		{F43B9E94-A0D5-488E-B0E1-53958E5148BF}.Release-JP|ARM64.Build.0 = Release|Any CPU
		{F43B9E94-A0D5-488E-B0E1-53958E5148BF}.Release-JP|x64.ActiveCfg = Release|Any CPU
		{F43B9E94-A0D5-488E-B0E1-53958E5148BF}.Release-JP|x64.Build.0 = Release|Any CPU
		{F43B9E94-A0D5-488E-B0E1-53958E5148BF}.Release-JP|x86.ActiveCfg = Release|Any CPU
		{F43B9E94-A0D5-488E-B0E1-53958E5148BF}.Release-JP|x86.Build.0 = Release|Any CPU
		{DE1A8C62-566F-4D1A-8E5A-81E0ABEB12E0}.Debug|Any CPU.ActiveCfg = Debug|Any CPU
		{DE1A8C62-566F-4D1A-8E5A-81E0ABEB12E0}.Debug|Any CPU.Build.0 = Debug|Any CPU
		{DE1A8C62-566F-4D1A-8E5A-81E0ABEB12E0}.Debug|ARM.ActiveCfg = Debug|Any CPU
		{DE1A8C62-566F-4D1A-8E5A-81E0ABEB12E0}.Debug|ARM.Build.0 = Debug|Any CPU
		{DE1A8C62-566F-4D1A-8E5A-81E0ABEB12E0}.Debug|ARM64.ActiveCfg = Debug|Any CPU
		{DE1A8C62-566F-4D1A-8E5A-81E0ABEB12E0}.Debug|ARM64.Build.0 = Debug|Any CPU
		{DE1A8C62-566F-4D1A-8E5A-81E0ABEB12E0}.Debug|x64.ActiveCfg = Debug|Any CPU
		{DE1A8C62-566F-4D1A-8E5A-81E0ABEB12E0}.Debug|x64.Build.0 = Debug|Any CPU
		{DE1A8C62-566F-4D1A-8E5A-81E0ABEB12E0}.Debug|x86.ActiveCfg = Debug|Any CPU
		{DE1A8C62-566F-4D1A-8E5A-81E0ABEB12E0}.Debug|x86.Build.0 = Debug|Any CPU
		{DE1A8C62-566F-4D1A-8E5A-81E0ABEB12E0}.Release|Any CPU.ActiveCfg = Release|Any CPU
		{DE1A8C62-566F-4D1A-8E5A-81E0ABEB12E0}.Release|Any CPU.Build.0 = Release|Any CPU
		{DE1A8C62-566F-4D1A-8E5A-81E0ABEB12E0}.Release|ARM.ActiveCfg = Release|Any CPU
		{DE1A8C62-566F-4D1A-8E5A-81E0ABEB12E0}.Release|ARM.Build.0 = Release|Any CPU
		{DE1A8C62-566F-4D1A-8E5A-81E0ABEB12E0}.Release|ARM64.ActiveCfg = Release|Any CPU
		{DE1A8C62-566F-4D1A-8E5A-81E0ABEB12E0}.Release|ARM64.Build.0 = Release|Any CPU
		{DE1A8C62-566F-4D1A-8E5A-81E0ABEB12E0}.Release|x64.ActiveCfg = Release|Any CPU
		{DE1A8C62-566F-4D1A-8E5A-81E0ABEB12E0}.Release|x64.Build.0 = Release|Any CPU
		{DE1A8C62-566F-4D1A-8E5A-81E0ABEB12E0}.Release|x86.ActiveCfg = Release|Any CPU
		{DE1A8C62-566F-4D1A-8E5A-81E0ABEB12E0}.Release|x86.Build.0 = Release|Any CPU
		{DE1A8C62-566F-4D1A-8E5A-81E0ABEB12E0}.Release-JP|Any CPU.ActiveCfg = Release|Any CPU
		{DE1A8C62-566F-4D1A-8E5A-81E0ABEB12E0}.Release-JP|Any CPU.Build.0 = Release|Any CPU
		{DE1A8C62-566F-4D1A-8E5A-81E0ABEB12E0}.Release-JP|ARM.ActiveCfg = Release|Any CPU
		{DE1A8C62-566F-4D1A-8E5A-81E0ABEB12E0}.Release-JP|ARM.Build.0 = Release|Any CPU
		{DE1A8C62-566F-4D1A-8E5A-81E0ABEB12E0}.Release-JP|ARM64.ActiveCfg = Release|Any CPU
		{DE1A8C62-566F-4D1A-8E5A-81E0ABEB12E0}.Release-JP|ARM64.Build.0 = Release|Any CPU
		{DE1A8C62-566F-4D1A-8E5A-81E0ABEB12E0}.Release-JP|x64.ActiveCfg = Release|Any CPU
		{DE1A8C62-566F-4D1A-8E5A-81E0ABEB12E0}.Release-JP|x64.Build.0 = Release|Any CPU
		{DE1A8C62-566F-4D1A-8E5A-81E0ABEB12E0}.Release-JP|x86.ActiveCfg = Release|Any CPU
		{DE1A8C62-566F-4D1A-8E5A-81E0ABEB12E0}.Release-JP|x86.Build.0 = Release|Any CPU
	EndGlobalSection
	GlobalSection(SolutionProperties) = preSolution
		HideSolutionNode = FALSE
	EndGlobalSection
	GlobalSection(ExtensibilityGlobals) = postSolution
		SolutionGuid = {4DE98F2C-165C-48B6-B949-B5F6454602A1}
	EndGlobalSection
EndGlobal
